
Microsoft Visual Studio Solution File, Format Version 12.00
# Visual Studio Version 16
VisualStudioVersion = 16.0.31911.196
MinimumVisualStudioVersion = 10.0.40219.1
Project("{FAE04EC0-301F-11D3-BF4B-00C04F79EFBC}") = "3d", "3d\3d.csproj", "{5223F846-2BF3-44E6-A60A-C8F71580C1B3}"
EndProject
Global
	GlobalSection(SolutionConfigurationPlatforms) = preSolution
		Debug|Any CPU = Debug|Any CPU
		Release|Any CPU = Release|Any CPU
	EndGlobalSection
	GlobalSection(ProjectConfigurationPlatforms) = postSolution
		{5223F846-2BF3-44E6-A60A-C8F71580C1B3}.Debug|Any CPU.ActiveCfg = Debug|Any CPU
		{5223F846-2BF3-44E6-A60A-C8F71580C1B3}.Debug|Any CPU.Build.0 = Debug|Any CPU
		{5223F846-2BF3-44E6-A60A-C8F71580C1B3}.Release|Any CPU.ActiveCfg = Release|Any CPU
		{5223F846-2BF3-44E6-A60A-C8F71580C1B3}.Release|Any CPU.Build.0 = Release|Any CPU
	EndGlobalSection
	GlobalSection(SolutionProperties) = preSolution
		HideSolutionNode = FALSE
	EndGlobalSection
	GlobalSection(ExtensibilityGlobals) = postSolution
		SolutionGuid = {A75CA6D5-844A-4525-84BB-C10D4667EA4B}
	EndGlobalSection
EndGlobal
